// !$*UTF8*$!
{
	archiveVersion = 1;
	classes = {
	};
	objectVersion = 50;
	objects = {

/* Begin PBXBuildFile section */
		542247C227170790006DAE0A /* AppDelegate.swift in Sources */ = {isa = PBXBuildFile; fileRef = 542247C127170790006DAE0A /* AppDelegate.swift */; };
		542247C427170790006DAE0A /* SceneDelegate.swift in Sources */ = {isa = PBXBuildFile; fileRef = 542247C327170790006DAE0A /* SceneDelegate.swift */; };
		542247C927170790006DAE0A /* Main.storyboard in Resources */ = {isa = PBXBuildFile; fileRef = 542247C727170790006DAE0A /* Main.storyboard */; };
		542247CB27170798006DAE0A /* Assets.xcassets in Resources */ = {isa = PBXBuildFile; fileRef = 542247CA27170798006DAE0A /* Assets.xcassets */; };
		542247CE27170798006DAE0A /* LaunchScreen.storyboard in Resources */ = {isa = PBXBuildFile; fileRef = 542247CC27170798006DAE0A /* LaunchScreen.storyboard */; };
		542247DF271708F5006DAE0A /* UserSearchViewController.swift in Sources */ = {isa = PBXBuildFile; fileRef = 542247DE271708F5006DAE0A /* UserSearchViewController.swift */; };
		542247F627170BBE006DAE0A /* GitHubSearchClientTests.swift in Sources */ = {isa = PBXBuildFile; fileRef = 542247F527170BBE006DAE0A /* GitHubSearchClientTests.swift */; };
		542247FB27170C11006DAE0A /* GitHubSearchClient.swift in Sources */ = {isa = PBXBuildFile; fileRef = 542247FA27170C11006DAE0A /* GitHubSearchClient.swift */; };
		5422482627171BB2006DAE0A /* SearchResult.swift in Sources */ = {isa = PBXBuildFile; fileRef = 5422482527171BB2006DAE0A /* SearchResult.swift */; };
		54224834271729A1006DAE0A /* GET_Users_ValidResponse.json in Resources */ = {isa = PBXBuildFile; fileRef = 54224832271729A1006DAE0A /* GET_Users_ValidResponse.json */; };
		54224835271729A1006DAE0A /* GET_MissingValues_Response.json in Resources */ = {isa = PBXBuildFile; fileRef = 54224833271729A1006DAE0A /* GET_MissingValues_Response.json */; };
		5422483D27172BB7006DAE0A /* Data+JSONFile.swift in Sources */ = {isa = PBXBuildFile; fileRef = 5422483C27172BB7006DAE0A /* Data+JSONFile.swift */; };
		5422484727173E71006DAE0A /* MainViewControllerTests.swift in Sources */ = {isa = PBXBuildFile; fileRef = 5422484627173E71006DAE0A /* MainViewControllerTests.swift */; };
		5422486827175609006DAE0A /* MockGitHubSearchService.swift in Sources */ = {isa = PBXBuildFile; fileRef = 5422486727175609006DAE0A /* MockGitHubSearchService.swift */; };
		5422488E271795E0006DAE0A /* SearchResultCell.swift in Sources */ = {isa = PBXBuildFile; fileRef = 5422488D271795E0006DAE0A /* SearchResultCell.swift */; };
		5422489527179871006DAE0A /* UIView+Layout.swift in Sources */ = {isa = PBXBuildFile; fileRef = 5422489427179871006DAE0A /* UIView+Layout.swift */; };
/* End PBXBuildFile section */

/* Begin PBXContainerItemProxy section */
		542247EA27170B5E006DAE0A /* PBXContainerItemProxy */ = {
			isa = PBXContainerItemProxy;
			containerPortal = 542247B627170790006DAE0A /* Project object */;
			proxyType = 1;
			remoteGlobalIDString = 542247BD27170790006DAE0A;
			remoteInfo = GitHubSearch;
		};
/* End PBXContainerItemProxy section */

/* Begin PBXFileReference section */
		542247BE27170790006DAE0A /* GitHubSearch.app */ = {isa = PBXFileReference; explicitFileType = wrapper.application; includeInIndex = 0; path = GitHubSearch.app; sourceTree = BUILT_PRODUCTS_DIR; };
		542247C127170790006DAE0A /* AppDelegate.swift */ = {isa = PBXFileReference; lastKnownFileType = sourcecode.swift; path = AppDelegate.swift; sourceTree = "<group>"; };
		542247C327170790006DAE0A /* SceneDelegate.swift */ = {isa = PBXFileReference; lastKnownFileType = sourcecode.swift; path = SceneDelegate.swift; sourceTree = "<group>"; };
		542247C827170790006DAE0A /* Base */ = {isa = PBXFileReference; lastKnownFileType = file.storyboard; name = Base; path = Base.lproj/Main.storyboard; sourceTree = "<group>"; };
		542247CA27170798006DAE0A /* Assets.xcassets */ = {isa = PBXFileReference; lastKnownFileType = folder.assetcatalog; path = Assets.xcassets; sourceTree = "<group>"; };
		542247CD27170798006DAE0A /* Base */ = {isa = PBXFileReference; lastKnownFileType = file.storyboard; name = Base; path = Base.lproj/LaunchScreen.storyboard; sourceTree = "<group>"; };
		542247CF27170798006DAE0A /* Info.plist */ = {isa = PBXFileReference; lastKnownFileType = text.plist.xml; path = Info.plist; sourceTree = "<group>"; };
		542247DE271708F5006DAE0A /* UserSearchViewController.swift */ = {isa = PBXFileReference; lastKnownFileType = sourcecode.swift; path = UserSearchViewController.swift; sourceTree = "<group>"; };
		542247E527170B5E006DAE0A /* GitHubSearchTests.xctest */ = {isa = PBXFileReference; explicitFileType = wrapper.cfbundle; includeInIndex = 0; path = GitHubSearchTests.xctest; sourceTree = BUILT_PRODUCTS_DIR; };
		542247E927170B5E006DAE0A /* Info.plist */ = {isa = PBXFileReference; lastKnownFileType = text.plist.xml; path = Info.plist; sourceTree = "<group>"; };
		542247F527170BBE006DAE0A /* GitHubSearchClientTests.swift */ = {isa = PBXFileReference; lastKnownFileType = sourcecode.swift; path = GitHubSearchClientTests.swift; sourceTree = "<group>"; };
		542247FA27170C11006DAE0A /* GitHubSearchClient.swift */ = {isa = PBXFileReference; lastKnownFileType = sourcecode.swift; path = GitHubSearchClient.swift; sourceTree = "<group>"; };
		5422482527171BB2006DAE0A /* SearchResult.swift */ = {isa = PBXFileReference; lastKnownFileType = sourcecode.swift; path = SearchResult.swift; sourceTree = "<group>"; };
		54224832271729A1006DAE0A /* GET_Users_ValidResponse.json */ = {isa = PBXFileReference; fileEncoding = 4; lastKnownFileType = text.json; path = GET_Users_ValidResponse.json; sourceTree = SOURCE_ROOT; };
		54224833271729A1006DAE0A /* GET_MissingValues_Response.json */ = {isa = PBXFileReference; fileEncoding = 4; lastKnownFileType = text.json; path = GET_MissingValues_Response.json; sourceTree = SOURCE_ROOT; };
		5422483C27172BB7006DAE0A /* Data+JSONFile.swift */ = {isa = PBXFileReference; lastKnownFileType = sourcecode.swift; path = "Data+JSONFile.swift"; sourceTree = "<group>"; };
		5422484627173E71006DAE0A /* MainViewControllerTests.swift */ = {isa = PBXFileReference; lastKnownFileType = sourcecode.swift; path = MainViewControllerTests.swift; sourceTree = "<group>"; };
		5422486727175609006DAE0A /* MockGitHubSearchService.swift */ = {isa = PBXFileReference; lastKnownFileType = sourcecode.swift; path = MockGitHubSearchService.swift; sourceTree = "<group>"; };
		5422488D271795E0006DAE0A /* SearchResultCell.swift */ = {isa = PBXFileReference; lastKnownFileType = sourcecode.swift; path = SearchResultCell.swift; sourceTree = "<group>"; };
		5422489427179871006DAE0A /* UIView+Layout.swift */ = {isa = PBXFileReference; lastKnownFileType = sourcecode.swift; path = "UIView+Layout.swift"; sourceTree = "<group>"; };
/* End PBXFileReference section */

/* Begin PBXFrameworksBuildPhase section */
		542247BB27170790006DAE0A /* Frameworks */ = {
			isa = PBXFrameworksBuildPhase;
			buildActionMask = 2147483647;
			files = (
			);
			runOnlyForDeploymentPostprocessing = 0;
		};
		542247E227170B5E006DAE0A /* Frameworks */ = {
			isa = PBXFrameworksBuildPhase;
			buildActionMask = 2147483647;
			files = (
			);
			runOnlyForDeploymentPostprocessing = 0;
		};
/* End PBXFrameworksBuildPhase section */

/* Begin PBXGroup section */
		542247B527170790006DAE0A = {
			isa = PBXGroup;
			children = (
				542247C027170790006DAE0A /* GitHubSearch */,
				542247E627170B5E006DAE0A /* GitHubSearchTests */,
				542247BF27170790006DAE0A /* Products */,
			);
			sourceTree = "<group>";
		};
		542247BF27170790006DAE0A /* Products */ = {
			isa = PBXGroup;
			children = (
				542247BE27170790006DAE0A /* GitHubSearch.app */,
				542247E527170B5E006DAE0A /* GitHubSearchTests.xctest */,
			);
			name = Products;
			sourceTree = "<group>";
		};
		542247C027170790006DAE0A /* GitHubSearch */ = {
			isa = PBXGroup;
			children = (
				542247C127170790006DAE0A /* AppDelegate.swift */,
				542247C327170790006DAE0A /* SceneDelegate.swift */,
				5422489327179867006DAE0A /* Util */,
				5422482427171BA9006DAE0A /* Models */,
				542247F927170BFE006DAE0A /* Networking */,
				5422488C271795B2006DAE0A /* Views */,
				542247DB271708D1006DAE0A /* Controllers */,
				542247C727170790006DAE0A /* Main.storyboard */,
				542247CC27170798006DAE0A /* LaunchScreen.storyboard */,
				542247CA27170798006DAE0A /* Assets.xcassets */,
				542247CF27170798006DAE0A /* Info.plist */,
			);
			path = GitHubSearch;
			sourceTree = "<group>";
		};
		542247DB271708D1006DAE0A /* Controllers */ = {
			isa = PBXGroup;
			children = (
				542247DE271708F5006DAE0A /* UserSearchViewController.swift */,
			);
			path = Controllers;
			sourceTree = "<group>";
		};
		542247E627170B5E006DAE0A /* GitHubSearchTests */ = {
			isa = PBXGroup;
			children = (
				542247F127170B7D006DAE0A /* Cases */,
				5422482B2717288A006DAE0A /* Data */,
				5422483A27172B96006DAE0A /* Test Types */,
				542247E927170B5E006DAE0A /* Info.plist */,
			);
			path = GitHubSearchTests;
			sourceTree = "<group>";
		};
		542247F127170B7D006DAE0A /* Cases */ = {
			isa = PBXGroup;
			children = (
				5422484527173E67006DAE0A /* Controllers */,
				542247F227170B80006DAE0A /* Networking */,
			);
			path = Cases;
			sourceTree = "<group>";
		};
		542247F227170B80006DAE0A /* Networking */ = {
			isa = PBXGroup;
			children = (
				542247F527170BBE006DAE0A /* GitHubSearchClientTests.swift */,
			);
			path = Networking;
			sourceTree = "<group>";
		};
		542247F927170BFE006DAE0A /* Networking */ = {
			isa = PBXGroup;
			children = (
				542247FA27170C11006DAE0A /* GitHubSearchClient.swift */,
			);
			path = Networking;
			sourceTree = "<group>";
		};
		5422482427171BA9006DAE0A /* Models */ = {
			isa = PBXGroup;
			children = (
				5422482527171BB2006DAE0A /* SearchResult.swift */,
			);
			path = Models;
			sourceTree = "<group>";
		};
		5422482B2717288A006DAE0A /* Data */ = {
			isa = PBXGroup;
			children = (
				54224833271729A1006DAE0A /* GET_MissingValues_Response.json */,
				54224832271729A1006DAE0A /* GET_Users_ValidResponse.json */,
			);
			path = Data;
			sourceTree = "<group>";
		};
		5422483A27172B96006DAE0A /* Test Types */ = {
			isa = PBXGroup;
			children = (
				54224866271755EA006DAE0A /* Mocks */,
				5422483B27172B9D006DAE0A /* Extensions */,
			);
			path = "Test Types";
			sourceTree = "<group>";
		};
		5422483B27172B9D006DAE0A /* Extensions */ = {
			isa = PBXGroup;
			children = (
				5422483C27172BB7006DAE0A /* Data+JSONFile.swift */,
			);
			path = Extensions;
			sourceTree = "<group>";
		};
		5422484527173E67006DAE0A /* Controllers */ = {
			isa = PBXGroup;
			children = (
				5422484627173E71006DAE0A /* MainViewControllerTests.swift */,
			);
			path = Controllers;
			sourceTree = "<group>";
		};
		54224866271755EA006DAE0A /* Mocks */ = {
			isa = PBXGroup;
			children = (
				5422486727175609006DAE0A /* MockGitHubSearchService.swift */,
			);
			path = Mocks;
			sourceTree = "<group>";
		};
		5422488C271795B2006DAE0A /* Views */ = {
			isa = PBXGroup;
			children = (
				5422488D271795E0006DAE0A /* SearchResultCell.swift */,
			);
			path = Views;
			sourceTree = "<group>";
		};
		5422489327179867006DAE0A /* Util */ = {
			isa = PBXGroup;
			children = (
				5422489427179871006DAE0A /* UIView+Layout.swift */,
			);
			path = Util;
			sourceTree = "<group>";
		};
/* End PBXGroup section */

/* Begin PBXNativeTarget section */
		542247BD27170790006DAE0A /* GitHubSearch */ = {
			isa = PBXNativeTarget;
			buildConfigurationList = 542247D227170798006DAE0A /* Build configuration list for PBXNativeTarget "GitHubSearch" */;
			buildPhases = (
				542247BA27170790006DAE0A /* Sources */,
				542247BB27170790006DAE0A /* Frameworks */,
				542247BC27170790006DAE0A /* Resources */,
			);
			buildRules = (
			);
			dependencies = (
			);
			name = GitHubSearch;
			productName = GitHubSearch;
			productReference = 542247BE27170790006DAE0A /* GitHubSearch.app */;
			productType = "com.apple.product-type.application";
		};
		542247E427170B5E006DAE0A /* GitHubSearchTests */ = {
			isa = PBXNativeTarget;
			buildConfigurationList = 542247EC27170B5E006DAE0A /* Build configuration list for PBXNativeTarget "GitHubSearchTests" */;
			buildPhases = (
				542247E127170B5E006DAE0A /* Sources */,
				542247E227170B5E006DAE0A /* Frameworks */,
				542247E327170B5E006DAE0A /* Resources */,
			);
			buildRules = (
			);
			dependencies = (
				542247EB27170B5E006DAE0A /* PBXTargetDependency */,
			);
			name = GitHubSearchTests;
			productName = GitHubSearchTests;
			productReference = 542247E527170B5E006DAE0A /* GitHubSearchTests.xctest */;
			productType = "com.apple.product-type.bundle.unit-test";
		};
/* End PBXNativeTarget section */

/* Begin PBXProject section */
		542247B627170790006DAE0A /* Project object */ = {
			isa = PBXProject;
			attributes = {
				LastSwiftUpdateCheck = 1240;
				LastUpgradeCheck = 1240;
				TargetAttributes = {
					542247BD27170790006DAE0A = {
						CreatedOnToolsVersion = 12.4;
					};
					542247E427170B5E006DAE0A = {
						CreatedOnToolsVersion = 12.4;
						LastSwiftMigration = 1240;
						TestTargetID = 542247BD27170790006DAE0A;
					};
				};
			};
			buildConfigurationList = 542247B927170790006DAE0A /* Build configuration list for PBXProject "GitHubSearch" */;
			compatibilityVersion = "Xcode 9.3";
			developmentRegion = en;
			hasScannedForEncodings = 0;
			knownRegions = (
				en,
				Base,
			);
			mainGroup = 542247B527170790006DAE0A;
			productRefGroup = 542247BF27170790006DAE0A /* Products */;
			projectDirPath = "";
			projectRoot = "";
			targets = (
				542247BD27170790006DAE0A /* GitHubSearch */,
				542247E427170B5E006DAE0A /* GitHubSearchTests */,
			);
		};
/* End PBXProject section */

/* Begin PBXResourcesBuildPhase section */
		542247BC27170790006DAE0A /* Resources */ = {
			isa = PBXResourcesBuildPhase;
			buildActionMask = 2147483647;
			files = (
				542247CE27170798006DAE0A /* LaunchScreen.storyboard in Resources */,
				542247CB27170798006DAE0A /* Assets.xcassets in Resources */,
				542247C927170790006DAE0A /* Main.storyboard in Resources */,
			);
			runOnlyForDeploymentPostprocessing = 0;
		};
		542247E327170B5E006DAE0A /* Resources */ = {
			isa = PBXResourcesBuildPhase;
			buildActionMask = 2147483647;
			files = (
				54224834271729A1006DAE0A /* GET_Users_ValidResponse.json in Resources */,
				54224835271729A1006DAE0A /* GET_MissingValues_Response.json in Resources */,
			);
			runOnlyForDeploymentPostprocessing = 0;
		};
/* End PBXResourcesBuildPhase section */

/* Begin PBXSourcesBuildPhase section */
		542247BA27170790006DAE0A /* Sources */ = {
			isa = PBXSourcesBuildPhase;
			buildActionMask = 2147483647;
			files = (
				542247DF271708F5006DAE0A /* UserSearchViewController.swift in Sources */,
				542247C227170790006DAE0A /* AppDelegate.swift in Sources */,
				5422482627171BB2006DAE0A /* SearchResult.swift in Sources */,
				542247C427170790006DAE0A /* SceneDelegate.swift in Sources */,
				5422488E271795E0006DAE0A /* SearchResultCell.swift in Sources */,
				5422489527179871006DAE0A /* UIView+Layout.swift in Sources */,
				542247FB27170C11006DAE0A /* GitHubSearchClient.swift in Sources */,
			);
			runOnlyForDeploymentPostprocessing = 0;
		};
		542247E127170B5E006DAE0A /* Sources */ = {
			isa = PBXSourcesBuildPhase;
			buildActionMask = 2147483647;
			files = (
				5422486827175609006DAE0A /* MockGitHubSearchService.swift in Sources */,
				542247F627170BBE006DAE0A /* GitHubSearchClientTests.swift in Sources */,
				5422483D27172BB7006DAE0A /* Data+JSONFile.swift in Sources */,
				5422484727173E71006DAE0A /* MainViewControllerTests.swift in Sources */,
			);
			runOnlyForDeploymentPostprocessing = 0;
		};
/* End PBXSourcesBuildPhase section */

/* Begin PBXTargetDependency section */
		542247EB27170B5E006DAE0A /* PBXTargetDependency */ = {
			isa = PBXTargetDependency;
			target = 542247BD27170790006DAE0A /* GitHubSearch */;
			targetProxy = 542247EA27170B5E006DAE0A /* PBXContainerItemProxy */;
		};
/* End PBXTargetDependency section */

/* Begin PBXVariantGroup section */
		542247C727170790006DAE0A /* Main.storyboard */ = {
			isa = PBXVariantGroup;
			children = (
				542247C827170790006DAE0A /* Base */,
			);
			name = Main.storyboard;
			sourceTree = "<group>";
		};
		542247CC27170798006DAE0A /* LaunchScreen.storyboard */ = {
			isa = PBXVariantGroup;
			children = (
				542247CD27170798006DAE0A /* Base */,
			);
			name = LaunchScreen.storyboard;
			sourceTree = "<group>";
		};
/* End PBXVariantGroup section */

/* Begin XCBuildConfiguration section */
		542247D027170798006DAE0A /* Debug */ = {
			isa = XCBuildConfiguration;
			buildSettings = {
				ALWAYS_SEARCH_USER_PATHS = NO;
				CLANG_ANALYZER_NONNULL = YES;
				CLANG_ANALYZER_NUMBER_OBJECT_CONVERSION = YES_AGGRESSIVE;
				CLANG_CXX_LANGUAGE_STANDARD = "gnu++14";
				CLANG_CXX_LIBRARY = "libc++";
				CLANG_ENABLE_MODULES = YES;
				CLANG_ENABLE_OBJC_ARC = YES;
				CLANG_ENABLE_OBJC_WEAK = YES;
				CLANG_WARN_BLOCK_CAPTURE_AUTORELEASING = YES;
				CLANG_WARN_BOOL_CONVERSION = YES;
				CLANG_WARN_COMMA = YES;
				CLANG_WARN_CONSTANT_CONVERSION = YES;
				CLANG_WARN_DEPRECATED_OBJC_IMPLEMENTATIONS = YES;
				CLANG_WARN_DIRECT_OBJC_ISA_USAGE = YES_ERROR;
				CLANG_WARN_DOCUMENTATION_COMMENTS = YES;
				CLANG_WARN_EMPTY_BODY = YES;
				CLANG_WARN_ENUM_CONVERSION = YES;
				CLANG_WARN_INFINITE_RECURSION = YES;
				CLANG_WARN_INT_CONVERSION = YES;
				CLANG_WARN_NON_LITERAL_NULL_CONVERSION = YES;
				CLANG_WARN_OBJC_IMPLICIT_RETAIN_SELF = YES;
				CLANG_WARN_OBJC_LITERAL_CONVERSION = YES;
				CLANG_WARN_OBJC_ROOT_CLASS = YES_ERROR;
				CLANG_WARN_QUOTED_INCLUDE_IN_FRAMEWORK_HEADER = YES;
				CLANG_WARN_RANGE_LOOP_ANALYSIS = YES;
				CLANG_WARN_STRICT_PROTOTYPES = YES;
				CLANG_WARN_SUSPICIOUS_MOVE = YES;
				CLANG_WARN_UNGUARDED_AVAILABILITY = YES_AGGRESSIVE;
				CLANG_WARN_UNREACHABLE_CODE = YES;
				CLANG_WARN__DUPLICATE_METHOD_MATCH = YES;
				COPY_PHASE_STRIP = NO;
				DEBUG_INFORMATION_FORMAT = dwarf;
				ENABLE_STRICT_OBJC_MSGSEND = YES;
				ENABLE_TESTABILITY = YES;
				GCC_C_LANGUAGE_STANDARD = gnu11;
				GCC_DYNAMIC_NO_PIC = NO;
				GCC_NO_COMMON_BLOCKS = YES;
				GCC_OPTIMIZATION_LEVEL = 0;
				GCC_PREPROCESSOR_DEFINITIONS = (
					"DEBUG=1",
					"$(inherited)",
				);
				GCC_WARN_64_TO_32_BIT_CONVERSION = YES;
				GCC_WARN_ABOUT_RETURN_TYPE = YES_ERROR;
				GCC_WARN_UNDECLARED_SELECTOR = YES;
				GCC_WARN_UNINITIALIZED_AUTOS = YES_AGGRESSIVE;
				GCC_WARN_UNUSED_FUNCTION = YES;
				GCC_WARN_UNUSED_VARIABLE = YES;
				IPHONEOS_DEPLOYMENT_TARGET = 14.4;
				MTL_ENABLE_DEBUG_INFO = INCLUDE_SOURCE;
				MTL_FAST_MATH = YES;
				ONLY_ACTIVE_ARCH = YES;
				SDKROOT = iphoneos;
				SWIFT_ACTIVE_COMPILATION_CONDITIONS = DEBUG;
				SWIFT_OPTIMIZATION_LEVEL = "-Onone";
			};
			name = Debug;
		};
		542247D127170798006DAE0A /* Release */ = {
			isa = XCBuildConfiguration;
			buildSettings = {
				ALWAYS_SEARCH_USER_PATHS = NO;
				CLANG_ANALYZER_NONNULL = YES;
				CLANG_ANALYZER_NUMBER_OBJECT_CONVERSION = YES_AGGRESSIVE;
				CLANG_CXX_LANGUAGE_STANDARD = "gnu++14";
				CLANG_CXX_LIBRARY = "libc++";
				CLANG_ENABLE_MODULES = YES;
				CLANG_ENABLE_OBJC_ARC = YES;
				CLANG_ENABLE_OBJC_WEAK = YES;
				CLANG_WARN_BLOCK_CAPTURE_AUTORELEASING = YES;
				CLANG_WARN_BOOL_CONVERSION = YES;
				CLANG_WARN_COMMA = YES;
				CLANG_WARN_CONSTANT_CONVERSION = YES;
				CLANG_WARN_DEPRECATED_OBJC_IMPLEMENTATIONS = YES;
				CLANG_WARN_DIRECT_OBJC_ISA_USAGE = YES_ERROR;
				CLANG_WARN_DOCUMENTATION_COMMENTS = YES;
				CLANG_WARN_EMPTY_BODY = YES;
				CLANG_WARN_ENUM_CONVERSION = YES;
				CLANG_WARN_INFINITE_RECURSION = YES;
				CLANG_WARN_INT_CONVERSION = YES;
				CLANG_WARN_NON_LITERAL_NULL_CONVERSION = YES;
				CLANG_WARN_OBJC_IMPLICIT_RETAIN_SELF = YES;
				CLANG_WARN_OBJC_LITERAL_CONVERSION = YES;
				CLANG_WARN_OBJC_ROOT_CLASS = YES_ERROR;
				CLANG_WARN_QUOTED_INCLUDE_IN_FRAMEWORK_HEADER = YES;
				CLANG_WARN_RANGE_LOOP_ANALYSIS = YES;
				CLANG_WARN_STRICT_PROTOTYPES = YES;
				CLANG_WARN_SUSPICIOUS_MOVE = YES;
				CLANG_WARN_UNGUARDED_AVAILABILITY = YES_AGGRESSIVE;
				CLANG_WARN_UNREACHABLE_CODE = YES;
				CLANG_WARN__DUPLICATE_METHOD_MATCH = YES;
				COPY_PHASE_STRIP = NO;
				DEBUG_INFORMATION_FORMAT = "dwarf-with-dsym";
				ENABLE_NS_ASSERTIONS = NO;
				ENABLE_STRICT_OBJC_MSGSEND = YES;
				GCC_C_LANGUAGE_STANDARD = gnu11;
				GCC_NO_COMMON_BLOCKS = YES;
				GCC_WARN_64_TO_32_BIT_CONVERSION = YES;
				GCC_WARN_ABOUT_RETURN_TYPE = YES_ERROR;
				GCC_WARN_UNDECLARED_SELECTOR = YES;
				GCC_WARN_UNINITIALIZED_AUTOS = YES_AGGRESSIVE;
				GCC_WARN_UNUSED_FUNCTION = YES;
				GCC_WARN_UNUSED_VARIABLE = YES;
				IPHONEOS_DEPLOYMENT_TARGET = 14.4;
				MTL_ENABLE_DEBUG_INFO = NO;
				MTL_FAST_MATH = YES;
				SDKROOT = iphoneos;
				SWIFT_COMPILATION_MODE = wholemodule;
				SWIFT_OPTIMIZATION_LEVEL = "-O";
				VALIDATE_PRODUCT = YES;
			};
			name = Release;
		};
		542247D327170798006DAE0A /* Debug */ = {
			isa = XCBuildConfiguration;
			buildSettings = {
				ASSETCATALOG_COMPILER_APPICON_NAME = AppIcon;
				ASSETCATALOG_COMPILER_GLOBAL_ACCENT_COLOR_NAME = AccentColor;
				CODE_SIGN_STYLE = Automatic;
				DEVELOPMENT_TEAM = 36872U436D;
				INFOPLIST_FILE = GitHubSearch/Info.plist;
				LD_RUNPATH_SEARCH_PATHS = (
					"$(inherited)",
					"@executable_path/Frameworks",
				);
				PRODUCT_BUNDLE_IDENTIFIER = com.dvdlee.GitHubSearch;
				PRODUCT_NAME = "$(TARGET_NAME)";
				SWIFT_VERSION = 5.0;
				TARGETED_DEVICE_FAMILY = "1,2";
			};
			name = Debug;
		};
		542247D427170798006DAE0A /* Release */ = {
			isa = XCBuildConfiguration;
			buildSettings = {
				ASSETCATALOG_COMPILER_APPICON_NAME = AppIcon;
				ASSETCATALOG_COMPILER_GLOBAL_ACCENT_COLOR_NAME = AccentColor;
				CODE_SIGN_STYLE = Automatic;
				DEVELOPMENT_TEAM = 36872U436D;
				INFOPLIST_FILE = GitHubSearch/Info.plist;
				LD_RUNPATH_SEARCH_PATHS = (
					"$(inherited)",
					"@executable_path/Frameworks",
				);
				PRODUCT_BUNDLE_IDENTIFIER = com.dvdlee.GitHubSearch;
				PRODUCT_NAME = "$(TARGET_NAME)";
				SWIFT_VERSION = 5.0;
				TARGETED_DEVICE_FAMILY = "1,2";
			};
			name = Release;
		};
		542247ED27170B5E006DAE0A /* Debug */ = {
			isa = XCBuildConfiguration;
			buildSettings = {
				BUNDLE_LOADER = "$(TEST_HOST)";
				CLANG_ENABLE_MODULES = YES;
				CODE_SIGN_STYLE = Automatic;
				DEVELOPMENT_TEAM = 36872U436D;
				INFOPLIST_FILE = GitHubSearchTests/Info.plist;
				LD_RUNPATH_SEARCH_PATHS = (
					"$(inherited)",
					"@executable_path/Frameworks",
					"@loader_path/Frameworks",
				);
				PRODUCT_BUNDLE_IDENTIFIER = com.dvdlee.GitHubSearchTests;
				PRODUCT_NAME = "$(TARGET_NAME)";
				SWIFT_OPTIMIZATION_LEVEL = "-Onone";
				SWIFT_VERSION = 5.0;
				TARGETED_DEVICE_FAMILY = "1,2";
				TEST_HOST = "$(BUILT_PRODUCTS_DIR)/GitHubSearch.app/GitHubSearch";
			};
			name = Debug;
		};
		542247EE27170B5E006DAE0A /* Release */ = {
			isa = XCBuildConfiguration;
			buildSettings = {
				BUNDLE_LOADER = "$(TEST_HOST)";
				CLANG_ENABLE_MODULES = YES;
				CODE_SIGN_STYLE = Automatic;
				DEVELOPMENT_TEAM = 36872U436D;
				INFOPLIST_FILE = GitHubSearchTests/Info.plist;
				LD_RUNPATH_SEARCH_PATHS = (
					"$(inherited)",
					"@executable_path/Frameworks",
					"@loader_path/Frameworks",
				);
				PRODUCT_BUNDLE_IDENTIFIER = com.dvdlee.GitHubSearchTests;
				PRODUCT_NAME = "$(TARGET_NAME)";
				SWIFT_VERSION = 5.0;
				TARGETED_DEVICE_FAMILY = "1,2";
				TEST_HOST = "$(BUILT_PRODUCTS_DIR)/GitHubSearch.app/GitHubSearch";
			};
			name = Release;
		};
/* End XCBuildConfiguration section */

/* Begin XCConfigurationList section */
		542247B927170790006DAE0A /* Build configuration list for PBXProject "GitHubSearch" */ = {
			isa = XCConfigurationList;
			buildConfigurations = (
				542247D027170798006DAE0A /* Debug */,
				542247D127170798006DAE0A /* Release */,
			);
			defaultConfigurationIsVisible = 0;
			defaultConfigurationName = Release;
		};
		542247D227170798006DAE0A /* Build configuration list for PBXNativeTarget "GitHubSearch" */ = {
			isa = XCConfigurationList;
			buildConfigurations = (
				542247D327170798006DAE0A /* Debug */,
				542247D427170798006DAE0A /* Release */,
			);
			defaultConfigurationIsVisible = 0;
			defaultConfigurationName = Release;
		};
		542247EC27170B5E006DAE0A /* Build configuration list for PBXNativeTarget "GitHubSearchTests" */ = {
			isa = XCConfigurationList;
			buildConfigurations = (
				542247ED27170B5E006DAE0A /* Debug */,
				542247EE27170B5E006DAE0A /* Release */,
			);
			defaultConfigurationIsVisible = 0;
			defaultConfigurationName = Release;
		};
/* End XCConfigurationList section */
	};
	rootObject = 542247B627170790006DAE0A /* Project object */;
}
